github.com/SakoDroid/telego v1.8.0 h1:zpqn4/trjVy9dnGTIUDbzn9nu717OeOejmjN6dWBmeA=
github.com/SakoDroid/telego v1.8.0/go.mod h1:V+gBeRu0NhC/I0eYG5xwAC+KP904HrTyf8hhq3D1Y8I=
github.com/dstotijn/go-notion v0.9.0 h1:HdXsM/c8rb/Q9YuUpjWqj2BALRqIpYSs28AiApTrMKc=
github.com/dstotijn/go-notion v0.9.0/go.mod h1:FWfmGRnE8Drm6CnNQQO7slXcu1lrKmRY2KfFgeq6Z2g=
github.com/google/go-cmp v0.5.5 h1:Khx7svrCpmxxtHBq5j2mp/xVjsi8hQMfNLvJFAlrGgU=
github.com/joho/godotenv v1.4.0 h1:3l4+N6zfMWnkbPEXKng2o2/MR5mSwTrBih4ZEkkz1lg=
github.com/joho/godotenv v1.4.0/go.mod h1:f4LDr5Voq0i2e/R5DDNOoa2zzDfwtkZa6DnEwAbqwq4=
golang.org/x/xerrors v0.0.0-20220907171357-04be3eba64a2 h1:H2TDz8ibqkAF6YGhCdN3jS9O0/s90v0rJh3X/OLHEUk=
golang.org/x/xerrors v0.0.0-20220907171357-04be3eba64a2/go.mod h1:K8+ghG5WaK9qNqU5K3HdILfMLy1f3aNYFI/wnl100a8=
